
Microsoft Visual Studio Solution File, Format Version 12.00
# Visual Studio 15
VisualStudioVersion = 15.0.26730.12
MinimumVisualStudioVersion = 10.0.40219.1
Project("{FAE04EC0-301F-11D3-BF4B-00C04F79EFBC}") = "Trivial.Entities", "Trivial.Entities\Trivial.Entities.csproj", "{227D068D-A064-40B4-A372-7CE8FE0F7C26}"
EndProject
Project("{FAE04EC0-301F-11D3-BF4B-00C04F79EFBC}") = "Trivial.Api.Gateway", "Trivial.Api.Gateway\Trivial.Api.Gateway.csproj", "{BF5969FC-16D8-407B-B8A7-BFB41FE22A2E}"
EndProject
Project("{FAE04EC0-301F-11D3-BF4B-00C04F79EFBC}") = "Trivial.Ui.Common", "Trivial.Ui.Common\Trivial.Ui.Common.csproj", "{BCA9D5EC-655B-4CCA-8891-8EC7A7B7BAA3}"
EndProject
Project("{FAE04EC0-301F-11D3-BF4B-00C04F79EFBC}") = "Trivial.Ui.TrumpQuotes", "Trivial.Ui.TrumpQuotes\Trivial.Ui.TrumpQuotes.csproj", "{F76724F0-1193-4EDE-A542-E7BB738ABD42}"
EndProject
Project("{FAE04EC0-301F-11D3-BF4B-00C04F79EFBC}") = "Trivial.Ui.NumericTrivia", "Trivial.Ui.NumericTrivia\Trivial.Ui.NumericTrivia.csproj", "{B79C4059-DE4E-47C9-BE48-B1AFD436C6B9}"
EndProject
Project("{FAE04EC0-301F-11D3-BF4B-00C04F79EFBC}") = "Trivial.Ui.Common.Tests", "Trivial.Ui.Common.Tests\Trivial.Ui.Common.Tests.csproj", "{73B7FC42-5CBF-4BEC-A0D4-3D878C5DDC9A}"
EndProject
Project("{FAE04EC0-301F-11D3-BF4B-00C04F79EFBC}") = "Trivial.Api.Gateway.Tests", "Trivial.Api.Gateway.Tests\Trivial.Api.Gateway.Tests.csproj", "{69651C5B-078F-4B2D-8404-6FACA371FDB7}"
EndProject
Project("{2150E333-8FDC-42A3-9474-1A3956D46DE8}") = "Solution Items", "Solution Items", "{3F537841-9AE6-415F-9272-BDFFAF7BD23C}"
	ProjectSection(SolutionItems) = preProject
		..\CHANGELOG.md = ..\CHANGELOG.md
		..\LICENSE.txt = ..\LICENSE.txt
		..\README.md = ..\README.md
	EndProjectSection
EndProject
Project("{FAE04EC0-301F-11D3-BF4B-00C04F79EFBC}") = "Trivial.Ui.Jeopardy", "Trivial.Ui.Jeopardy\Trivial.Ui.Jeopardy.csproj", "{3A8C5E31-2373-4A41-ABCC-7FADE07CB9BA}"
EndProject
Project("{FAE04EC0-301F-11D3-BF4B-00C04F79EFBC}") = "Trivial.Ui.Abracadabra", "Trivial.Ui.Abracadabra\Trivial.Ui.Abracadabra.csproj", "{13FC9B8C-F83B-4CCB-AD87-1B69994E9B9D}"
EndProject
Global
	GlobalSection(SolutionConfigurationPlatforms) = preSolution
		Debug|Any CPU = Debug|Any CPU
		Release|Any CPU = Release|Any CPU
	EndGlobalSection
	GlobalSection(ProjectConfigurationPlatforms) = postSolution
		{227D068D-A064-40B4-A372-7CE8FE0F7C26}.Debug|Any CPU.ActiveCfg = Debug|Any CPU
		{227D068D-A064-40B4-A372-7CE8FE0F7C26}.Debug|Any CPU.Build.0 = Debug|Any CPU
		{227D068D-A064-40B4-A372-7CE8FE0F7C26}.Release|Any CPU.ActiveCfg = Release|Any CPU
		{227D068D-A064-40B4-A372-7CE8FE0F7C26}.Release|Any CPU.Build.0 = Release|Any CPU
		{BF5969FC-16D8-407B-B8A7-BFB41FE22A2E}.Debug|Any CPU.ActiveCfg = Debug|Any CPU
		{BF5969FC-16D8-407B-B8A7-BFB41FE22A2E}.Debug|Any CPU.Build.0 = Debug|Any CPU
		{BF5969FC-16D8-407B-B8A7-BFB41FE22A2E}.Release|Any CPU.ActiveCfg = Release|Any CPU
		{BF5969FC-16D8-407B-B8A7-BFB41FE22A2E}.Release|Any CPU.Build.0 = Release|Any CPU
		{BCA9D5EC-655B-4CCA-8891-8EC7A7B7BAA3}.Debug|Any CPU.ActiveCfg = Debug|Any CPU
		{BCA9D5EC-655B-4CCA-8891-8EC7A7B7BAA3}.Debug|Any CPU.Build.0 = Debug|Any CPU
		{BCA9D5EC-655B-4CCA-8891-8EC7A7B7BAA3}.Release|Any CPU.ActiveCfg = Release|Any CPU
		{BCA9D5EC-655B-4CCA-8891-8EC7A7B7BAA3}.Release|Any CPU.Build.0 = Release|Any CPU
		{F76724F0-1193-4EDE-A542-E7BB738ABD42}.Debug|Any CPU.ActiveCfg = Debug|Any CPU
		{F76724F0-1193-4EDE-A542-E7BB738ABD42}.Debug|Any CPU.Build.0 = Debug|Any CPU
		{F76724F0-1193-4EDE-A542-E7BB738ABD42}.Release|Any CPU.ActiveCfg = Release|Any CPU
		{F76724F0-1193-4EDE-A542-E7BB738ABD42}.Release|Any CPU.Build.0 = Release|Any CPU
		{B79C4059-DE4E-47C9-BE48-B1AFD436C6B9}.Debug|Any CPU.ActiveCfg = Debug|Any CPU
		{B79C4059-DE4E-47C9-BE48-B1AFD436C6B9}.Debug|Any CPU.Build.0 = Debug|Any CPU
		{B79C4059-DE4E-47C9-BE48-B1AFD436C6B9}.Release|Any CPU.ActiveCfg = Release|Any CPU
		{B79C4059-DE4E-47C9-BE48-B1AFD436C6B9}.Release|Any CPU.Build.0 = Release|Any CPU
		{73B7FC42-5CBF-4BEC-A0D4-3D878C5DDC9A}.Debug|Any CPU.ActiveCfg = Debug|Any CPU
		{73B7FC42-5CBF-4BEC-A0D4-3D878C5DDC9A}.Debug|Any CPU.Build.0 = Debug|Any CPU
		{73B7FC42-5CBF-4BEC-A0D4-3D878C5DDC9A}.Release|Any CPU.ActiveCfg = Release|Any CPU
		{73B7FC42-5CBF-4BEC-A0D4-3D878C5DDC9A}.Release|Any CPU.Build.0 = Release|Any CPU
		{69651C5B-078F-4B2D-8404-6FACA371FDB7}.Debug|Any CPU.ActiveCfg = Debug|Any CPU
		{69651C5B-078F-4B2D-8404-6FACA371FDB7}.Debug|Any CPU.Build.0 = Debug|Any CPU
		{69651C5B-078F-4B2D-8404-6FACA371FDB7}.Release|Any CPU.ActiveCfg = Release|Any CPU
		{69651C5B-078F-4B2D-8404-6FACA371FDB7}.Release|Any CPU.Build.0 = Release|Any CPU
		{3A8C5E31-2373-4A41-ABCC-7FADE07CB9BA}.Debug|Any CPU.ActiveCfg = Debug|Any CPU
		{3A8C5E31-2373-4A41-ABCC-7FADE07CB9BA}.Debug|Any CPU.Build.0 = Debug|Any CPU
		{3A8C5E31-2373-4A41-ABCC-7FADE07CB9BA}.Release|Any CPU.ActiveCfg = Release|Any CPU
		{3A8C5E31-2373-4A41-ABCC-7FADE07CB9BA}.Release|Any CPU.Build.0 = Release|Any CPU
		{13FC9B8C-F83B-4CCB-AD87-1B69994E9B9D}.Debug|Any CPU.ActiveCfg = Debug|Any CPU
		{13FC9B8C-F83B-4CCB-AD87-1B69994E9B9D}.Debug|Any CPU.Build.0 = Debug|Any CPU
		{13FC9B8C-F83B-4CCB-AD87-1B69994E9B9D}.Release|Any CPU.ActiveCfg = Release|Any CPU
		{13FC9B8C-F83B-4CCB-AD87-1B69994E9B9D}.Release|Any CPU.Build.0 = Release|Any CPU
	EndGlobalSection
	GlobalSection(SolutionProperties) = preSolution
		HideSolutionNode = FALSE
	EndGlobalSection
	GlobalSection(ExtensibilityGlobals) = postSolution
		SolutionGuid = {FFB878F2-16E0-46A2-9969-FA65D0618690}
	EndGlobalSection
EndGlobal
